
Microsoft Visual Studio Solution File, Format Version 12.00
# Visual Studio 15
VisualStudioVersion = 15.0.28307.438
MinimumVisualStudioVersion = 10.0.40219.1
Project("{FAE04EC0-301F-11D3-BF4B-00C04F79EFBC}") = "Api", "Api\Api.csproj", "{08921DD8-FF07-48FF-80A6-72B006D42456}"
EndProject
Project("{E24C65DC-7377-472B-9ABA-BC803B73C61A}") = "Sensor", "..\Sensor\", "{46DAC400-0317-4AD9-ACE8-F8C52599F4DD}"
	ProjectSection(WebsiteProperties) = preProject
		TargetFrameworkMoniker = ".NETFramework,Version%3Dv4.0"
		Debug.AspNetCompiler.VirtualPath = "/localhost_57996"
		Debug.AspNetCompiler.PhysicalPath = "..\Sensor\"
		Debug.AspNetCompiler.TargetPath = "PrecompiledWeb\localhost_57996\"
		Debug.AspNetCompiler.Updateable = "true"
		Debug.AspNetCompiler.ForceOverwrite = "true"
		Debug.AspNetCompiler.FixedNames = "false"
		Debug.AspNetCompiler.Debug = "True"
		Release.AspNetCompiler.VirtualPath = "/localhost_57996"
		Release.AspNetCompiler.PhysicalPath = "..\Sensor\"
		Release.AspNetCompiler.TargetPath = "PrecompiledWeb\localhost_57996\"
		Release.AspNetCompiler.Updateable = "true"
		Release.AspNetCompiler.ForceOverwrite = "true"
		Release.AspNetCompiler.FixedNames = "false"
		Release.AspNetCompiler.Debug = "False"
		VWDPort = "57996"
		SlnRelativePath = "..\Sensor\"
	EndProjectSection
EndProject
Global
	GlobalSection(SolutionConfigurationPlatforms) = preSolution
		Debug|Any CPU = Debug|Any CPU
		Release|Any CPU = Release|Any CPU
	EndGlobalSection
	GlobalSection(ProjectConfigurationPlatforms) = postSolution
		{08921DD8-FF07-48FF-80A6-72B006D42456}.Debug|Any CPU.ActiveCfg = Debug|Any CPU
		{08921DD8-FF07-48FF-80A6-72B006D42456}.Debug|Any CPU.Build.0 = Debug|Any CPU
		{08921DD8-FF07-48FF-80A6-72B006D42456}.Release|Any CPU.ActiveCfg = Release|Any CPU
		{08921DD8-FF07-48FF-80A6-72B006D42456}.Release|Any CPU.Build.0 = Release|Any CPU
		{46DAC400-0317-4AD9-ACE8-F8C52599F4DD}.Debug|Any CPU.ActiveCfg = Debug|Any CPU
		{46DAC400-0317-4AD9-ACE8-F8C52599F4DD}.Debug|Any CPU.Build.0 = Debug|Any CPU
		{46DAC400-0317-4AD9-ACE8-F8C52599F4DD}.Release|Any CPU.ActiveCfg = Debug|Any CPU
		{46DAC400-0317-4AD9-ACE8-F8C52599F4DD}.Release|Any CPU.Build.0 = Debug|Any CPU
	EndGlobalSection
	GlobalSection(SolutionProperties) = preSolution
		HideSolutionNode = FALSE
	EndGlobalSection
	GlobalSection(ExtensibilityGlobals) = postSolution
		SolutionGuid = {FD7D50D3-1D70-4DBE-A1A4-36D51EDBB069}
	EndGlobalSection
EndGlobal
